// !$*UTF8*$!
{
	archiveVersion = 1;
	classes = {
	};
	objectVersion = 55;
	objects = {

/* Begin PBXBuildFile section */
		03124781295B711B00106F21 /* Endpoint.swift in Sources */ = {isa = PBXBuildFile; fileRef = 03124780295B711B00106F21 /* Endpoint.swift */; };
		03124783295B739000106F21 /* NetworkError.swift in Sources */ = {isa = PBXBuildFile; fileRef = 03124782295B739000106F21 /* NetworkError.swift */; };
		03124785295B74DC00106F21 /* NetworkProvider.swift in Sources */ = {isa = PBXBuildFile; fileRef = 03124784295B74DC00106F21 /* NetworkProvider.swift */; };
		03124787295B892100106F21 /* HTTPMethod.swift in Sources */ = {isa = PBXBuildFile; fileRef = 03124786295B892100106F21 /* HTTPMethod.swift */; };
		03806B4B29733C3200235282 /* SearchCell.swift in Sources */ = {isa = PBXBuildFile; fileRef = 03806B4A29733C3200235282 /* SearchCell.swift */; };
		03806B4F29733CA300235282 /* SearchCellViewModel.swift in Sources */ = {isa = PBXBuildFile; fileRef = 03806B4E29733CA300235282 /* SearchCellViewModel.swift */; };
		03806B572976EECC00235282 /* ReviewDetailCoordinator.swift in Sources */ = {isa = PBXBuildFile; fileRef = 03806B562976EECC00235282 /* ReviewDetailCoordinator.swift */; };
		03806B592976EEF800235282 /* ReviewDetailViewController.swift in Sources */ = {isa = PBXBuildFile; fileRef = 03806B582976EEF800235282 /* ReviewDetailViewController.swift */; };
		03806B5B2976EF0700235282 /* ReviewDetailViewModel.swift in Sources */ = {isa = PBXBuildFile; fileRef = 03806B5A2976EF0700235282 /* ReviewDetailViewModel.swift */; };
		03806B612977D3A000235282 /* SearchDetailCoordinator.swift in Sources */ = {isa = PBXBuildFile; fileRef = 03806B602977D3A000235282 /* SearchDetailCoordinator.swift */; };
		03806B632977D3E800235282 /* SearchDetailViewController.swift in Sources */ = {isa = PBXBuildFile; fileRef = 03806B622977D3E800235282 /* SearchDetailViewController.swift */; };
		03806B652977D43E00235282 /* SearchDetailViewModel.swift in Sources */ = {isa = PBXBuildFile; fileRef = 03806B642977D43E00235282 /* SearchDetailViewModel.swift */; };
		03806B6C297EC73C00235282 /* SearchDetailView.swift in Sources */ = {isa = PBXBuildFile; fileRef = 03806B6B297EC73C00235282 /* SearchDetailView.swift */; };
		0397EEC529379E9800D1482E /* AppDelegate.swift in Sources */ = {isa = PBXBuildFile; fileRef = 0397EEC429379E9800D1482E /* AppDelegate.swift */; };
		0397EEC729379E9800D1482E /* SceneDelegate.swift in Sources */ = {isa = PBXBuildFile; fileRef = 0397EEC629379E9800D1482E /* SceneDelegate.swift */; };
		0397EECE29379E9900D1482E /* Assets.xcassets in Resources */ = {isa = PBXBuildFile; fileRef = 0397EECD29379E9900D1482E /* Assets.xcassets */; };
		0397EED129379E9900D1482E /* LaunchScreen.storyboard in Resources */ = {isa = PBXBuildFile; fileRef = 0397EECF29379E9900D1482E /* LaunchScreen.storyboard */; };
		039F5665295208DC00353720 /* MoviesResponse.swift in Sources */ = {isa = PBXBuildFile; fileRef = 039F5664295208DC00353720 /* MoviesResponse.swift */; };
		03C8985C2986E552008E1F84 /* RecordCoordinator.swift in Sources */ = {isa = PBXBuildFile; fileRef = 03C8985B2986E552008E1F84 /* RecordCoordinator.swift */; };
		03C8985E2986E662008E1F84 /* RecordViewModel.swift in Sources */ = {isa = PBXBuildFile; fileRef = 03C8985D2986E662008E1F84 /* RecordViewModel.swift */; };
		03C898622987E1A5008E1F84 /* RecordViewController.swift in Sources */ = {isa = PBXBuildFile; fileRef = 03C898612987E1A5008E1F84 /* RecordViewController.swift */; };
		03C8986429881C62008E1F84 /* StarRatingView.swift in Sources */ = {isa = PBXBuildFile; fileRef = 03C8986329881C62008E1F84 /* StarRatingView.swift */; };
		03C89866298856EF008E1F84 /* SummaryView.swift in Sources */ = {isa = PBXBuildFile; fileRef = 03C89865298856EF008E1F84 /* SummaryView.swift */; };
		03C8986829898EF1008E1F84 /* EditView.swift in Sources */ = {isa = PBXBuildFile; fileRef = 03C8986729898EF1008E1F84 /* EditView.swift */; };
		03C8986A298AFEC1008E1F84 /* MovieResult.swift in Sources */ = {isa = PBXBuildFile; fileRef = 03C89869298AFEC1008E1F84 /* MovieResult.swift */; };
		03C8986C298AFEFA008E1F84 /* GenreID.swift in Sources */ = {isa = PBXBuildFile; fileRef = 03C8986B298AFEFA008E1F84 /* GenreID.swift */; };
		03C8986E298C394D008E1F84 /* Collection.swift in Sources */ = {isa = PBXBuildFile; fileRef = 03C8986D298C394D008E1F84 /* Collection.swift */; };
		03C89874298EC82A008E1F84 /* EditViewModelItem.swift in Sources */ = {isa = PBXBuildFile; fileRef = 03C89873298EC82A008E1F84 /* EditViewModelItem.swift */; };
		03C89876298FABD3008E1F84 /* MMIMDateFormatter.swift in Sources */ = {isa = PBXBuildFile; fileRef = 03C89875298FABD3008E1F84 /* MMIMDateFormatter.swift */; };
		03C8987C299020D7008E1F84 /* ReviewDetailView.swift in Sources */ = {isa = PBXBuildFile; fileRef = 03C8987B299020D7008E1F84 /* ReviewDetailView.swift */; };
		03C8987E2992CFCA008E1F84 /* CALayer.swift in Sources */ = {isa = PBXBuildFile; fileRef = 03C8987D2992CFCA008E1F84 /* CALayer.swift */; };
		03C898802992D260008E1F84 /* UIFont.swift in Sources */ = {isa = PBXBuildFile; fileRef = 03C8987F2992D260008E1F84 /* UIFont.swift */; };
		03C89884299522E6008E1F84 /* ShadowView.swift in Sources */ = {isa = PBXBuildFile; fileRef = 03C89883299522E6008E1F84 /* ShadowView.swift */; };
		03CC1FDD299E1415009E286A /* MovieDetailResponse.swift in Sources */ = {isa = PBXBuildFile; fileRef = 03CC1FDC299E1415009E286A /* MovieDetailResponse.swift */; };
		03CC1FDF299E9AEC009E286A /* MovieDetail.swift in Sources */ = {isa = PBXBuildFile; fileRef = 03CC1FDE299E9AEC009E286A /* MovieDetail.swift */; };
		03CC1FE129A0C52D009E286A /* CreditsResponse.swift in Sources */ = {isa = PBXBuildFile; fileRef = 03CC1FE029A0C52D009E286A /* CreditsResponse.swift */; };
		03CC1FE329A1238C009E286A /* MovieOfficial.swift in Sources */ = {isa = PBXBuildFile; fileRef = 03CC1FE229A1238C009E286A /* MovieOfficial.swift */; };
		03CC1FE629A28DB1009E286A /* ReviewDAO+CoreDataClass.swift in Sources */ = {isa = PBXBuildFile; fileRef = 03CC1FE429A28DB1009E286A /* ReviewDAO+CoreDataClass.swift */; };
		03CC1FE729A28DB1009E286A /* ReviewDAO+CoreDataProperties.swift in Sources */ = {isa = PBXBuildFile; fileRef = 03CC1FE529A28DB1009E286A /* ReviewDAO+CoreDataProperties.swift */; };
		03E3583D29707D3C008FFBFA /* UIImage.swift in Sources */ = {isa = PBXBuildFile; fileRef = 03E3583C29707D3C008FFBFA /* UIImage.swift */; };
		03E358402971889A008FFBFA /* UserInfo.swift in Sources */ = {isa = PBXBuildFile; fileRef = 03E3583F2971889A008FFBFA /* UserInfo.swift */; };
		03E3584229718B76008FFBFA /* EndpointStorage.swift in Sources */ = {isa = PBXBuildFile; fileRef = 03E3584129718B75008FFBFA /* EndpointStorage.swift */; };
		03E3584C2971CD30008FFBFA /* SearchCoordinator.swift in Sources */ = {isa = PBXBuildFile; fileRef = 03E3584B2971CD30008FFBFA /* SearchCoordinator.swift */; };
		03E358502971CD86008FFBFA /* SearchViewController.swift in Sources */ = {isa = PBXBuildFile; fileRef = 03E3584F2971CD86008FFBFA /* SearchViewController.swift */; };
		03E358522971CD97008FFBFA /* SearchViewModel.swift in Sources */ = {isa = PBXBuildFile; fileRef = 03E358512971CD97008FFBFA /* SearchViewModel.swift */; };
		03FD02DF295CCA5000BC72D7 /* Movie.swift in Sources */ = {isa = PBXBuildFile; fileRef = 03FD02DE295CCA5000BC72D7 /* Movie.swift */; };
		03FD02E2295D8B9000BC72D7 /* NetworkRepository.swift in Sources */ = {isa = PBXBuildFile; fileRef = 03FD02E1295D8B9000BC72D7 /* NetworkRepository.swift */; };
		03FD02E5295D8DF600BC72D7 /* MovieRepository.swift in Sources */ = {isa = PBXBuildFile; fileRef = 03FD02E4295D8DF600BC72D7 /* MovieRepository.swift */; };
		03FD02E8295D9AFF00BC72D7 /* MovieUseCase.swift in Sources */ = {isa = PBXBuildFile; fileRef = 03FD02E7295D9AFF00BC72D7 /* MovieUseCase.swift */; };
		03FD02EB295D9C5400BC72D7 /* MovieUseCaseType.swift in Sources */ = {isa = PBXBuildFile; fileRef = 03FD02EA295D9C5400BC72D7 /* MovieUseCaseType.swift */; };
		03FD02EE295D9F0600BC72D7 /* Coordinator.swift in Sources */ = {isa = PBXBuildFile; fileRef = 03FD02ED295D9F0600BC72D7 /* Coordinator.swift */; };
		03FD02F2295DA0FD00BC72D7 /* HomeViewModel.swift in Sources */ = {isa = PBXBuildFile; fileRef = 03FD02F1295DA0FD00BC72D7 /* HomeViewModel.swift */; };
		03FD02F6295DA11D00BC72D7 /* HomeView.swift in Sources */ = {isa = PBXBuildFile; fileRef = 03FD02F5295DA11D00BC72D7 /* HomeView.swift */; };
		03FD02F8295DA12800BC72D7 /* HomeViewController.swift in Sources */ = {isa = PBXBuildFile; fileRef = 03FD02F7295DA12800BC72D7 /* HomeViewController.swift */; };
		03FD02FB295DA26200BC72D7 /* CoreDataError.swift in Sources */ = {isa = PBXBuildFile; fileRef = 03FD02FA295DA26200BC72D7 /* CoreDataError.swift */; };
		03FD02FD295DA35E00BC72D7 /* CoreDataManager.swift in Sources */ = {isa = PBXBuildFile; fileRef = 03FD02FC295DA35E00BC72D7 /* CoreDataManager.swift */; };
		03FD0306295EDE4100BC72D7 /* MMIMCoreDataModel.xcdatamodeld in Sources */ = {isa = PBXBuildFile; fileRef = 03FD0304295EDE4100BC72D7 /* MMIMCoreDataModel.xcdatamodeld */; };
		03FD03262964A41A00BC72D7 /* HomeCoordinator.swift in Sources */ = {isa = PBXBuildFile; fileRef = 03FD03252964A41A00BC72D7 /* HomeCoordinator.swift */; };
		03FD03282965FADC00BC72D7 /* CarouselLayout.swift in Sources */ = {isa = PBXBuildFile; fileRef = 03FD03272965FADC00BC72D7 /* CarouselLayout.swift */; };
		03FD032C296B4FA400BC72D7 /* ReviewRepository.swift in Sources */ = {isa = PBXBuildFile; fileRef = 03FD032B296B4FA400BC72D7 /* ReviewRepository.swift */; };
		03FD032E296B537300BC72D7 /* ReviewUseCase.swift in Sources */ = {isa = PBXBuildFile; fileRef = 03FD032D296B537300BC72D7 /* ReviewUseCase.swift */; };
		03FD0330296B53C200BC72D7 /* CoreDataRepository.swift in Sources */ = {isa = PBXBuildFile; fileRef = 03FD032F296B53C200BC72D7 /* CoreDataRepository.swift */; };
		03FD0332296B55DF00BC72D7 /* ReviewUseCaseType.swift in Sources */ = {isa = PBXBuildFile; fileRef = 03FD0331296B55DF00BC72D7 /* ReviewUseCaseType.swift */; };
		03FD0335296C1B5B00BC72D7 /* ReviewCell.swift in Sources */ = {isa = PBXBuildFile; fileRef = 03FD0334296C1B5B00BC72D7 /* ReviewCell.swift */; };
		03FD033B296C4E8400BC72D7 /* Review.swift in Sources */ = {isa = PBXBuildFile; fileRef = 03FD033A296C4E8400BC72D7 /* Review.swift */; };
		03FD0341296C6BF200BC72D7 /* AppCoordinator.swift in Sources */ = {isa = PBXBuildFile; fileRef = 03FD0340296C6BF200BC72D7 /* AppCoordinator.swift */; };
		03FD0348296D5B7D00BC72D7 /* ReviewCellViewModel.swift in Sources */ = {isa = PBXBuildFile; fileRef = 03FD0347296D5B7D00BC72D7 /* ReviewCellViewModel.swift */; };
		03FD0370296F0A6F00BC72D7 /* TicketView.swift in Sources */ = {isa = PBXBuildFile; fileRef = 03FD036F296F0A6F00BC72D7 /* TicketView.swift */; };
		03FD0373296F0AD900BC72D7 /* UIColor.swift in Sources */ = {isa = PBXBuildFile; fileRef = 03FD0372296F0AD900BC72D7 /* UIColor.swift */; };
		03FFCBE62997F998005F74B8 /* AlertBuilder.swift in Sources */ = {isa = PBXBuildFile; fileRef = 03FFCBE52997F998005F74B8 /* AlertBuilder.swift */; };
		03FFCBE829990EA9005F74B8 /* AlertActionType.swift in Sources */ = {isa = PBXBuildFile; fileRef = 03FFCBE729990EA9005F74B8 /* AlertActionType.swift */; };
		03FFCBEE29995C16005F74B8 /* ModificationCoordinator.swift in Sources */ = {isa = PBXBuildFile; fileRef = 03FFCBED29995C16005F74B8 /* ModificationCoordinator.swift */; };
		03FFCBF029995C24005F74B8 /* ModificationViewController.swift in Sources */ = {isa = PBXBuildFile; fileRef = 03FFCBEF29995C24005F74B8 /* ModificationViewController.swift */; };
		03FFCBF229995C2E005F74B8 /* ModificationViewModel.swift in Sources */ = {isa = PBXBuildFile; fileRef = 03FFCBF129995C2E005F74B8 /* ModificationViewModel.swift */; };
		03FFCBF7299ABA4B005F74B8 /* Reactive.swift in Sources */ = {isa = PBXBuildFile; fileRef = 03FFCBF6299ABA4B005F74B8 /* Reactive.swift */; };
		03FFCBFB299B7A70005F74B8 /* ReviewCellViewModelItem.swift in Sources */ = {isa = PBXBuildFile; fileRef = 03FFCBFA299B7A70005F74B8 /* ReviewCellViewModelItem.swift */; };
		03FFCBFD299B8363005F74B8 /* ReviewDetailViewModelItem.swift in Sources */ = {isa = PBXBuildFile; fileRef = 03FFCBFC299B8363005F74B8 /* ReviewDetailViewModelItem.swift */; };
		03FFCC01299BC90D005F74B8 /* SearchCellViewModelItem.swift in Sources */ = {isa = PBXBuildFile; fileRef = 03FFCC00299BC90D005F74B8 /* SearchCellViewModelItem.swift */; };
		03FFCC03299BCC0F005F74B8 /* SearchDetailViewModelItem.swift in Sources */ = {isa = PBXBuildFile; fileRef = 03FFCC02299BCC0F005F74B8 /* SearchDetailViewModelItem.swift */; };
		03FFCC08299C0103005F74B8 /* UIImageView.swift in Sources */ = {isa = PBXBuildFile; fileRef = 03FFCC07299C0103005F74B8 /* UIImageView.swift */; };
		03FFCC0A299C0341005F74B8 /* ImageCacheManager.swift in Sources */ = {isa = PBXBuildFile; fileRef = 03FFCC09299C0341005F74B8 /* ImageCacheManager.swift */; };
		03FFCC0D299C0999005F74B8 /* ReuseIdentifierType.swift in Sources */ = {isa = PBXBuildFile; fileRef = 03FFCC0C299C0999005F74B8 /* ReuseIdentifierType.swift */; };
		03FFCC0F299D4FA8005F74B8 /* MMIMNumberFormatter.swift in Sources */ = {isa = PBXBuildFile; fileRef = 03FFCC0E299D4FA8005F74B8 /* MMIMNumberFormatter.swift */; };
		CC41655F8052C8CD51C9D214 /* Pods_MyMoviesInMemory.framework in Frameworks */ = {isa = PBXBuildFile; fileRef = D749669A526FE1399E397142 /* Pods_MyMoviesInMemory.framework */; };
/* End PBXBuildFile section */

/* Begin PBXFileReference section */
		03124780295B711B00106F21 /* Endpoint.swift */ = {isa = PBXFileReference; lastKnownFileType = sourcecode.swift; path = Endpoint.swift; sourceTree = "<group>"; };
		03124782295B739000106F21 /* NetworkError.swift */ = {isa = PBXFileReference; lastKnownFileType = sourcecode.swift; path = NetworkError.swift; sourceTree = "<group>"; };
		03124784295B74DC00106F21 /* NetworkProvider.swift */ = {isa = PBXFileReference; lastKnownFileType = sourcecode.swift; path = NetworkProvider.swift; sourceTree = "<group>"; };
		03124786295B892100106F21 /* HTTPMethod.swift */ = {isa = PBXFileReference; lastKnownFileType = sourcecode.swift; path = HTTPMethod.swift; sourceTree = "<group>"; };
		03806B4A29733C3200235282 /* SearchCell.swift */ = {isa = PBXFileReference; lastKnownFileType = sourcecode.swift; path = SearchCell.swift; sourceTree = "<group>"; };
		03806B4E29733CA300235282 /* SearchCellViewModel.swift */ = {isa = PBXFileReference; lastKnownFileType = sourcecode.swift; path = SearchCellViewModel.swift; sourceTree = "<group>"; };
		03806B562976EECC00235282 /* ReviewDetailCoordinator.swift */ = {isa = PBXFileReference; lastKnownFileType = sourcecode.swift; path = ReviewDetailCoordinator.swift; sourceTree = "<group>"; };
		03806B582976EEF800235282 /* ReviewDetailViewController.swift */ = {isa = PBXFileReference; lastKnownFileType = sourcecode.swift; path = ReviewDetailViewController.swift; sourceTree = "<group>"; };
		03806B5A2976EF0700235282 /* ReviewDetailViewModel.swift */ = {isa = PBXFileReference; lastKnownFileType = sourcecode.swift; path = ReviewDetailViewModel.swift; sourceTree = "<group>"; };
		03806B602977D3A000235282 /* SearchDetailCoordinator.swift */ = {isa = PBXFileReference; lastKnownFileType = sourcecode.swift; path = SearchDetailCoordinator.swift; sourceTree = "<group>"; };
		03806B622977D3E800235282 /* SearchDetailViewController.swift */ = {isa = PBXFileReference; lastKnownFileType = sourcecode.swift; path = SearchDetailViewController.swift; sourceTree = "<group>"; };
		03806B642977D43E00235282 /* SearchDetailViewModel.swift */ = {isa = PBXFileReference; lastKnownFileType = sourcecode.swift; path = SearchDetailViewModel.swift; sourceTree = "<group>"; };
		03806B6B297EC73C00235282 /* SearchDetailView.swift */ = {isa = PBXFileReference; lastKnownFileType = sourcecode.swift; path = SearchDetailView.swift; sourceTree = "<group>"; };
		0397EEC129379E9800D1482E /* MyMoviesInMemory.app */ = {isa = PBXFileReference; explicitFileType = wrapper.application; includeInIndex = 0; path = MyMoviesInMemory.app; sourceTree = BUILT_PRODUCTS_DIR; };
		0397EEC429379E9800D1482E /* AppDelegate.swift */ = {isa = PBXFileReference; lastKnownFileType = sourcecode.swift; path = AppDelegate.swift; sourceTree = "<group>"; };
		0397EEC629379E9800D1482E /* SceneDelegate.swift */ = {isa = PBXFileReference; lastKnownFileType = sourcecode.swift; path = SceneDelegate.swift; sourceTree = "<group>"; };
		0397EECD29379E9900D1482E /* Assets.xcassets */ = {isa = PBXFileReference; lastKnownFileType = folder.assetcatalog; path = Assets.xcassets; sourceTree = "<group>"; };
		0397EED029379E9900D1482E /* Base */ = {isa = PBXFileReference; lastKnownFileType = file.storyboard; name = Base; path = Base.lproj/LaunchScreen.storyboard; sourceTree = "<group>"; };
		0397EED229379E9900D1482E /* Info.plist */ = {isa = PBXFileReference; lastKnownFileType = text.plist.xml; path = Info.plist; sourceTree = "<group>"; };
		039F5664295208DC00353720 /* MoviesResponse.swift */ = {isa = PBXFileReference; lastKnownFileType = sourcecode.swift; path = MoviesResponse.swift; sourceTree = "<group>"; };
		03C8985B2986E552008E1F84 /* RecordCoordinator.swift */ = {isa = PBXFileReference; lastKnownFileType = sourcecode.swift; path = RecordCoordinator.swift; sourceTree = "<group>"; };
		03C8985D2986E662008E1F84 /* RecordViewModel.swift */ = {isa = PBXFileReference; lastKnownFileType = sourcecode.swift; path = RecordViewModel.swift; sourceTree = "<group>"; };
		03C898612987E1A5008E1F84 /* RecordViewController.swift */ = {isa = PBXFileReference; lastKnownFileType = sourcecode.swift; path = RecordViewController.swift; sourceTree = "<group>"; };
		03C8986329881C62008E1F84 /* StarRatingView.swift */ = {isa = PBXFileReference; lastKnownFileType = sourcecode.swift; path = StarRatingView.swift; sourceTree = "<group>"; };
		03C89865298856EF008E1F84 /* SummaryView.swift */ = {isa = PBXFileReference; lastKnownFileType = sourcecode.swift; path = SummaryView.swift; sourceTree = "<group>"; };
		03C8986729898EF1008E1F84 /* EditView.swift */ = {isa = PBXFileReference; lastKnownFileType = sourcecode.swift; path = EditView.swift; sourceTree = "<group>"; };
		03C89869298AFEC1008E1F84 /* MovieResult.swift */ = {isa = PBXFileReference; lastKnownFileType = sourcecode.swift; path = MovieResult.swift; sourceTree = "<group>"; };
		03C8986B298AFEFA008E1F84 /* GenreID.swift */ = {isa = PBXFileReference; lastKnownFileType = sourcecode.swift; path = GenreID.swift; sourceTree = "<group>"; };
		03C8986D298C394D008E1F84 /* Collection.swift */ = {isa = PBXFileReference; lastKnownFileType = sourcecode.swift; path = Collection.swift; sourceTree = "<group>"; };
		03C89873298EC82A008E1F84 /* EditViewModelItem.swift */ = {isa = PBXFileReference; lastKnownFileType = sourcecode.swift; path = EditViewModelItem.swift; sourceTree = "<group>"; };
		03C89875298FABD3008E1F84 /* MMIMDateFormatter.swift */ = {isa = PBXFileReference; lastKnownFileType = sourcecode.swift; path = MMIMDateFormatter.swift; sourceTree = "<group>"; };
		03C8987B299020D7008E1F84 /* ReviewDetailView.swift */ = {isa = PBXFileReference; lastKnownFileType = sourcecode.swift; path = ReviewDetailView.swift; sourceTree = "<group>"; };
		03C8987D2992CFCA008E1F84 /* CALayer.swift */ = {isa = PBXFileReference; lastKnownFileType = sourcecode.swift; path = CALayer.swift; sourceTree = "<group>"; };
		03C8987F2992D260008E1F84 /* UIFont.swift */ = {isa = PBXFileReference; lastKnownFileType = sourcecode.swift; path = UIFont.swift; sourceTree = "<group>"; };
		03C89883299522E6008E1F84 /* ShadowView.swift */ = {isa = PBXFileReference; lastKnownFileType = sourcecode.swift; path = ShadowView.swift; sourceTree = "<group>"; };
		03CC1FDC299E1415009E286A /* MovieDetailResponse.swift */ = {isa = PBXFileReference; lastKnownFileType = sourcecode.swift; path = MovieDetailResponse.swift; sourceTree = "<group>"; };
		03CC1FDE299E9AEC009E286A /* MovieDetail.swift */ = {isa = PBXFileReference; lastKnownFileType = sourcecode.swift; path = MovieDetail.swift; sourceTree = "<group>"; };
		03CC1FE029A0C52D009E286A /* CreditsResponse.swift */ = {isa = PBXFileReference; lastKnownFileType = sourcecode.swift; path = CreditsResponse.swift; sourceTree = "<group>"; };
		03CC1FE229A1238C009E286A /* MovieOfficial.swift */ = {isa = PBXFileReference; lastKnownFileType = sourcecode.swift; path = MovieOfficial.swift; sourceTree = "<group>"; };
		03CC1FE429A28DB1009E286A /* ReviewDAO+CoreDataClass.swift */ = {isa = PBXFileReference; lastKnownFileType = sourcecode.swift; path = "ReviewDAO+CoreDataClass.swift"; sourceTree = SOURCE_ROOT; };
		03CC1FE529A28DB1009E286A /* ReviewDAO+CoreDataProperties.swift */ = {isa = PBXFileReference; lastKnownFileType = sourcecode.swift; path = "ReviewDAO+CoreDataProperties.swift"; sourceTree = SOURCE_ROOT; };
		03E3583C29707D3C008FFBFA /* UIImage.swift */ = {isa = PBXFileReference; lastKnownFileType = sourcecode.swift; path = UIImage.swift; sourceTree = "<group>"; };
		03E3583F2971889A008FFBFA /* UserInfo.swift */ = {isa = PBXFileReference; lastKnownFileType = sourcecode.swift; path = UserInfo.swift; sourceTree = "<group>"; };
		03E3584129718B75008FFBFA /* EndpointStorage.swift */ = {isa = PBXFileReference; lastKnownFileType = sourcecode.swift; path = EndpointStorage.swift; sourceTree = "<group>"; };
		03E3584B2971CD30008FFBFA /* SearchCoordinator.swift */ = {isa = PBXFileReference; lastKnownFileType = sourcecode.swift; path = SearchCoordinator.swift; sourceTree = "<group>"; };
		03E3584F2971CD86008FFBFA /* SearchViewController.swift */ = {isa = PBXFileReference; lastKnownFileType = sourcecode.swift; path = SearchViewController.swift; sourceTree = "<group>"; };
		03E358512971CD97008FFBFA /* SearchViewModel.swift */ = {isa = PBXFileReference; lastKnownFileType = sourcecode.swift; path = SearchViewModel.swift; sourceTree = "<group>"; };
		03FD02DE295CCA5000BC72D7 /* Movie.swift */ = {isa = PBXFileReference; lastKnownFileType = sourcecode.swift; path = Movie.swift; sourceTree = "<group>"; };
		03FD02E1295D8B9000BC72D7 /* NetworkRepository.swift */ = {isa = PBXFileReference; lastKnownFileType = sourcecode.swift; path = NetworkRepository.swift; sourceTree = "<group>"; };
		03FD02E4295D8DF600BC72D7 /* MovieRepository.swift */ = {isa = PBXFileReference; lastKnownFileType = sourcecode.swift; path = MovieRepository.swift; sourceTree = "<group>"; };
		03FD02E7295D9AFF00BC72D7 /* MovieUseCase.swift */ = {isa = PBXFileReference; lastKnownFileType = sourcecode.swift; path = MovieUseCase.swift; sourceTree = "<group>"; };
		03FD02EA295D9C5400BC72D7 /* MovieUseCaseType.swift */ = {isa = PBXFileReference; lastKnownFileType = sourcecode.swift; path = MovieUseCaseType.swift; sourceTree = "<group>"; };
		03FD02ED295D9F0600BC72D7 /* Coordinator.swift */ = {isa = PBXFileReference; lastKnownFileType = sourcecode.swift; path = Coordinator.swift; sourceTree = "<group>"; };
		03FD02F1295DA0FD00BC72D7 /* HomeViewModel.swift */ = {isa = PBXFileReference; lastKnownFileType = sourcecode.swift; path = HomeViewModel.swift; sourceTree = "<group>"; };
		03FD02F5295DA11D00BC72D7 /* HomeView.swift */ = {isa = PBXFileReference; lastKnownFileType = sourcecode.swift; path = HomeView.swift; sourceTree = "<group>"; };
		03FD02F7295DA12800BC72D7 /* HomeViewController.swift */ = {isa = PBXFileReference; lastKnownFileType = sourcecode.swift; path = HomeViewController.swift; sourceTree = "<group>"; };
		03FD02FA295DA26200BC72D7 /* CoreDataError.swift */ = {isa = PBXFileReference; lastKnownFileType = sourcecode.swift; path = CoreDataError.swift; sourceTree = "<group>"; };
		03FD02FC295DA35E00BC72D7 /* CoreDataManager.swift */ = {isa = PBXFileReference; lastKnownFileType = sourcecode.swift; path = CoreDataManager.swift; sourceTree = "<group>"; };
		03FD0305295EDE4100BC72D7 /* MMIMCoreDataModel.xcdatamodel */ = {isa = PBXFileReference; lastKnownFileType = wrapper.xcdatamodel; path = MMIMCoreDataModel.xcdatamodel; sourceTree = "<group>"; };
		03FD03252964A41A00BC72D7 /* HomeCoordinator.swift */ = {isa = PBXFileReference; lastKnownFileType = sourcecode.swift; path = HomeCoordinator.swift; sourceTree = "<group>"; };
		03FD03272965FADC00BC72D7 /* CarouselLayout.swift */ = {isa = PBXFileReference; lastKnownFileType = sourcecode.swift; path = CarouselLayout.swift; sourceTree = "<group>"; };
		03FD032B296B4FA400BC72D7 /* ReviewRepository.swift */ = {isa = PBXFileReference; lastKnownFileType = sourcecode.swift; path = ReviewRepository.swift; sourceTree = "<group>"; };
		03FD032D296B537300BC72D7 /* ReviewUseCase.swift */ = {isa = PBXFileReference; lastKnownFileType = sourcecode.swift; path = ReviewUseCase.swift; sourceTree = "<group>"; };
		03FD032F296B53C200BC72D7 /* CoreDataRepository.swift */ = {isa = PBXFileReference; lastKnownFileType = sourcecode.swift; path = CoreDataRepository.swift; sourceTree = "<group>"; };
		03FD0331296B55DF00BC72D7 /* ReviewUseCaseType.swift */ = {isa = PBXFileReference; lastKnownFileType = sourcecode.swift; path = ReviewUseCaseType.swift; sourceTree = "<group>"; };
		03FD0334296C1B5B00BC72D7 /* ReviewCell.swift */ = {isa = PBXFileReference; lastKnownFileType = sourcecode.swift; path = ReviewCell.swift; sourceTree = "<group>"; };
		03FD033A296C4E8400BC72D7 /* Review.swift */ = {isa = PBXFileReference; lastKnownFileType = sourcecode.swift; path = Review.swift; sourceTree = "<group>"; };
		03FD0340296C6BF200BC72D7 /* AppCoordinator.swift */ = {isa = PBXFileReference; lastKnownFileType = sourcecode.swift; path = AppCoordinator.swift; sourceTree = "<group>"; };
		03FD0347296D5B7D00BC72D7 /* ReviewCellViewModel.swift */ = {isa = PBXFileReference; lastKnownFileType = sourcecode.swift; path = ReviewCellViewModel.swift; sourceTree = "<group>"; };
		03FD036F296F0A6F00BC72D7 /* TicketView.swift */ = {isa = PBXFileReference; lastKnownFileType = sourcecode.swift; path = TicketView.swift; sourceTree = "<group>"; };
		03FD0372296F0AD900BC72D7 /* UIColor.swift */ = {isa = PBXFileReference; lastKnownFileType = sourcecode.swift; path = UIColor.swift; sourceTree = "<group>"; };
		03FFCBE52997F998005F74B8 /* AlertBuilder.swift */ = {isa = PBXFileReference; lastKnownFileType = sourcecode.swift; path = AlertBuilder.swift; sourceTree = "<group>"; };
		03FFCBE729990EA9005F74B8 /* AlertActionType.swift */ = {isa = PBXFileReference; lastKnownFileType = sourcecode.swift; path = AlertActionType.swift; sourceTree = "<group>"; };
		03FFCBED29995C16005F74B8 /* ModificationCoordinator.swift */ = {isa = PBXFileReference; lastKnownFileType = sourcecode.swift; path = ModificationCoordinator.swift; sourceTree = "<group>"; };
		03FFCBEF29995C24005F74B8 /* ModificationViewController.swift */ = {isa = PBXFileReference; lastKnownFileType = sourcecode.swift; path = ModificationViewController.swift; sourceTree = "<group>"; };
		03FFCBF129995C2E005F74B8 /* ModificationViewModel.swift */ = {isa = PBXFileReference; lastKnownFileType = sourcecode.swift; path = ModificationViewModel.swift; sourceTree = "<group>"; };
		03FFCBF6299ABA4B005F74B8 /* Reactive.swift */ = {isa = PBXFileReference; lastKnownFileType = sourcecode.swift; path = Reactive.swift; sourceTree = "<group>"; };
		03FFCBFA299B7A70005F74B8 /* ReviewCellViewModelItem.swift */ = {isa = PBXFileReference; lastKnownFileType = sourcecode.swift; path = ReviewCellViewModelItem.swift; sourceTree = "<group>"; };
		03FFCBFC299B8363005F74B8 /* ReviewDetailViewModelItem.swift */ = {isa = PBXFileReference; lastKnownFileType = sourcecode.swift; path = ReviewDetailViewModelItem.swift; sourceTree = "<group>"; };
		03FFCC00299BC90D005F74B8 /* SearchCellViewModelItem.swift */ = {isa = PBXFileReference; lastKnownFileType = sourcecode.swift; path = SearchCellViewModelItem.swift; sourceTree = "<group>"; };
		03FFCC02299BCC0F005F74B8 /* SearchDetailViewModelItem.swift */ = {isa = PBXFileReference; lastKnownFileType = sourcecode.swift; path = SearchDetailViewModelItem.swift; sourceTree = "<group>"; };
		03FFCC07299C0103005F74B8 /* UIImageView.swift */ = {isa = PBXFileReference; lastKnownFileType = sourcecode.swift; path = UIImageView.swift; sourceTree = "<group>"; };
		03FFCC09299C0341005F74B8 /* ImageCacheManager.swift */ = {isa = PBXFileReference; lastKnownFileType = sourcecode.swift; path = ImageCacheManager.swift; sourceTree = "<group>"; };
		03FFCC0C299C0999005F74B8 /* ReuseIdentifierType.swift */ = {isa = PBXFileReference; lastKnownFileType = sourcecode.swift; path = ReuseIdentifierType.swift; sourceTree = "<group>"; };
		03FFCC0E299D4FA8005F74B8 /* MMIMNumberFormatter.swift */ = {isa = PBXFileReference; lastKnownFileType = sourcecode.swift; path = MMIMNumberFormatter.swift; sourceTree = "<group>"; };
		D749669A526FE1399E397142 /* Pods_MyMoviesInMemory.framework */ = {isa = PBXFileReference; explicitFileType = wrapper.framework; includeInIndex = 0; path = Pods_MyMoviesInMemory.framework; sourceTree = BUILT_PRODUCTS_DIR; };
		FA081CEB078E6F1CF7C2F1FA /* Pods-MyMoviesInMemory.debug.xcconfig */ = {isa = PBXFileReference; includeInIndex = 1; lastKnownFileType = text.xcconfig; name = "Pods-MyMoviesInMemory.debug.xcconfig"; path = "Target Support Files/Pods-MyMoviesInMemory/Pods-MyMoviesInMemory.debug.xcconfig"; sourceTree = "<group>"; };
		FFBC40EF504A889691A1A002 /* Pods-MyMoviesInMemory.release.xcconfig */ = {isa = PBXFileReference; includeInIndex = 1; lastKnownFileType = text.xcconfig; name = "Pods-MyMoviesInMemory.release.xcconfig"; path = "Target Support Files/Pods-MyMoviesInMemory/Pods-MyMoviesInMemory.release.xcconfig"; sourceTree = "<group>"; };
/* End PBXFileReference section */

/* Begin PBXFrameworksBuildPhase section */
		0397EEBE29379E9800D1482E /* Frameworks */ = {
			isa = PBXFrameworksBuildPhase;
			buildActionMask = 2147483647;
			files = (
				CC41655F8052C8CD51C9D214 /* Pods_MyMoviesInMemory.framework in Frameworks */,
			);
			runOnlyForDeploymentPostprocessing = 0;
		};
/* End PBXFrameworksBuildPhase section */

/* Begin PBXGroup section */
		03806B4929733C1C00235282 /* Cell */ = {
			isa = PBXGroup;
			children = (
				03806B4D29733C8C00235282 /* View */,
				03806B4C29733C8000235282 /* ViewModel */,
			);
			path = Cell;
			sourceTree = "<group>";
		};
		03806B4C29733C8000235282 /* ViewModel */ = {
			isa = PBXGroup;
			children = (
				03806B4E29733CA300235282 /* SearchCellViewModel.swift */,
				03FFCC00299BC90D005F74B8 /* SearchCellViewModelItem.swift */,
			);
			path = ViewModel;
			sourceTree = "<group>";
		};
		03806B4D29733C8C00235282 /* View */ = {
			isa = PBXGroup;
			children = (
				03806B4A29733C3200235282 /* SearchCell.swift */,
			);
			path = View;
			sourceTree = "<group>";
		};
		03806B522976DA1F00235282 /* ReviewDetail */ = {
			isa = PBXGroup;
			children = (
				03806B532976EE9C00235282 /* Coordinator */,
				03806B542976EEA600235282 /* View */,
				03806B552976EEAD00235282 /* ViewModel */,
			);
			path = ReviewDetail;
			sourceTree = "<group>";
		};
		03806B532976EE9C00235282 /* Coordinator */ = {
			isa = PBXGroup;
			children = (
				03806B562976EECC00235282 /* ReviewDetailCoordinator.swift */,
			);
			path = Coordinator;
			sourceTree = "<group>";
		};
		03806B542976EEA600235282 /* View */ = {
			isa = PBXGroup;
			children = (
				03806B582976EEF800235282 /* ReviewDetailViewController.swift */,
				03C8987B299020D7008E1F84 /* ReviewDetailView.swift */,
			);
			path = View;
			sourceTree = "<group>";
		};
		03806B552976EEAD00235282 /* ViewModel */ = {
			isa = PBXGroup;
			children = (
				03806B5A2976EF0700235282 /* ReviewDetailViewModel.swift */,
				03FFCBFC299B8363005F74B8 /* ReviewDetailViewModelItem.swift */,
			);
			path = ViewModel;
			sourceTree = "<group>";
		};
		03806B5C2977D35300235282 /* SearchDetail */ = {
			isa = PBXGroup;
			children = (
				03806B5F2977D38900235282 /* Coordinator */,
				03806B5E2977D38300235282 /* View */,
				03806B5D2977D37800235282 /* ViewModel */,
			);
			path = SearchDetail;
			sourceTree = "<group>";
		};
		03806B5D2977D37800235282 /* ViewModel */ = {
			isa = PBXGroup;
			children = (
				03806B642977D43E00235282 /* SearchDetailViewModel.swift */,
				03FFCC02299BCC0F005F74B8 /* SearchDetailViewModelItem.swift */,
			);
			path = ViewModel;
			sourceTree = "<group>";
		};
		03806B5E2977D38300235282 /* View */ = {
			isa = PBXGroup;
			children = (
				03806B622977D3E800235282 /* SearchDetailViewController.swift */,
				03806B6B297EC73C00235282 /* SearchDetailView.swift */,
			);
			path = View;
			sourceTree = "<group>";
		};
		03806B5F2977D38900235282 /* Coordinator */ = {
			isa = PBXGroup;
			children = (
				03806B602977D3A000235282 /* SearchDetailCoordinator.swift */,
			);
			path = Coordinator;
			sourceTree = "<group>";
		};
		03806B6829786A2700235282 /* Formtter */ = {
			isa = PBXGroup;
			children = (
				03C89875298FABD3008E1F84 /* MMIMDateFormatter.swift */,
				03FFCC0E299D4FA8005F74B8 /* MMIMNumberFormatter.swift */,
			);
			path = Formtter;
			sourceTree = "<group>";
		};
		0397EEB829379E9800D1482E = {
			isa = PBXGroup;
			children = (
				0397EEC329379E9800D1482E /* MyMoviesInMemory */,
				0397EEC229379E9800D1482E /* Products */,
				46203AC21DA7936E683D4D01 /* Pods */,
				13B7608845F7AF596F46B835 /* Frameworks */,
			);
			sourceTree = "<group>";
		};
		0397EEC229379E9800D1482E /* Products */ = {
			isa = PBXGroup;
			children = (
				0397EEC129379E9800D1482E /* MyMoviesInMemory.app */,
			);
			name = Products;
			sourceTree = "<group>";
		};
		0397EEC329379E9800D1482E /* MyMoviesInMemory */ = {
			isa = PBXGroup;
			children = (
				039F56602950C8FC00353720 /* Application */,
				03FD0371296F0AC500BC72D7 /* Util */,
				03E3585A29731BC9008FFBFA /* Legacy */,
				039F56612950C91C00353720 /* Data */,
				03FD02DC295CC9EE00BC72D7 /* Domain */,
				03FD02EF295D9F4F00BC72D7 /* Presentation */,
				03FD0303295EDD5100BC72D7 /* Resource */,
			);
			path = MyMoviesInMemory;
			sourceTree = "<group>";
		};
		039F56602950C8FC00353720 /* Application */ = {
			isa = PBXGroup;
			children = (
				03FD02EC295D9EEA00BC72D7 /* Coordinator */,
				0397EEC429379E9800D1482E /* AppDelegate.swift */,
				0397EEC629379E9800D1482E /* SceneDelegate.swift */,
			);
			path = Application;
			sourceTree = "<group>";
		};
		039F56612950C91C00353720 /* Data */ = {
			isa = PBXGroup;
			children = (
				039F56622952089800353720 /* ResponseModel */,
				039F56662952119500353720 /* Network */,
				03FD02F9295DA24800BC72D7 /* CoreData */,
				03FD02E3295D8DD500BC72D7 /* Repository */,
			);
			path = Data;
			sourceTree = "<group>";
		};
		039F56622952089800353720 /* ResponseModel */ = {
			isa = PBXGroup;
			children = (
				039F5663295208BB00353720 /* Network */,
			);
			path = ResponseModel;
			sourceTree = "<group>";
		};
		039F5663295208BB00353720 /* Network */ = {
			isa = PBXGroup;
			children = (
				039F5664295208DC00353720 /* MoviesResponse.swift */,
				03C89869298AFEC1008E1F84 /* MovieResult.swift */,
				03CC1FDC299E1415009E286A /* MovieDetailResponse.swift */,
				03CC1FE029A0C52D009E286A /* CreditsResponse.swift */,
				03CC1FE229A1238C009E286A /* MovieOfficial.swift */,
				03C8986B298AFEFA008E1F84 /* GenreID.swift */,
			);
			path = Network;
			sourceTree = "<group>";
		};
		039F56662952119500353720 /* Network */ = {
			isa = PBXGroup;
			children = (
				03124784295B74DC00106F21 /* NetworkProvider.swift */,
				03124782295B739000106F21 /* NetworkError.swift */,
			);
			path = Network;
			sourceTree = "<group>";
		};
		03C898572986E4CF008E1F84 /* Record */ = {
			isa = PBXGroup;
			children = (
				03C898582986E524008E1F84 /* Coordinator */,
				03C8985A2986E53D008E1F84 /* View */,
				03C898592986E533008E1F84 /* ViewModel */,
			);
			path = Record;
			sourceTree = "<group>";
		};
		03C898582986E524008E1F84 /* Coordinator */ = {
			isa = PBXGroup;
			children = (
				03C8985B2986E552008E1F84 /* RecordCoordinator.swift */,
			);
			path = Coordinator;
			sourceTree = "<group>";
		};
		03C898592986E533008E1F84 /* ViewModel */ = {
			isa = PBXGroup;
			children = (
				03C8985D2986E662008E1F84 /* RecordViewModel.swift */,
			);
			path = ViewModel;
			sourceTree = "<group>";
		};
		03C8985A2986E53D008E1F84 /* View */ = {
			isa = PBXGroup;
			children = (
				03C898612987E1A5008E1F84 /* RecordViewController.swift */,
			);
			path = View;
			sourceTree = "<group>";
		};
		03C89879298FF50F008E1F84 /* View */ = {
			isa = PBXGroup;
			children = (
				03C89865298856EF008E1F84 /* SummaryView.swift */,
				03C8986329881C62008E1F84 /* StarRatingView.swift */,
				03C89883299522E6008E1F84 /* ShadowView.swift */,
				03C8986729898EF1008E1F84 /* EditView.swift */,
			);
			path = View;
			sourceTree = "<group>";
		};
		03E3583E2971887D008FFBFA /* UserInfo */ = {
			isa = PBXGroup;
			children = (
				03E3583F2971889A008FFBFA /* UserInfo.swift */,
			);
			path = UserInfo;
			sourceTree = "<group>";
		};
		03E358472971CCE7008FFBFA /* Search */ = {
			isa = PBXGroup;
			children = (
				03E3584A2971CD0E008FFBFA /* Coordinator */,
				03E358492971CD0A008FFBFA /* View */,
				03E358482971CCFA008FFBFA /* ViewModel */,
			);
			path = Search;
			sourceTree = "<group>";
		};
		03E358482971CCFA008FFBFA /* ViewModel */ = {
			isa = PBXGroup;
			children = (
				03E358512971CD97008FFBFA /* SearchViewModel.swift */,
			);
			path = ViewModel;
			sourceTree = "<group>";
		};
		03E358492971CD0A008FFBFA /* View */ = {
			isa = PBXGroup;
			children = (
				03E3584F2971CD86008FFBFA /* SearchViewController.swift */,
				03806B4929733C1C00235282 /* Cell */,
			);
			path = View;
			sourceTree = "<group>";
		};
		03E3584A2971CD0E008FFBFA /* Coordinator */ = {
			isa = PBXGroup;
			children = (
				03E3584B2971CD30008FFBFA /* SearchCoordinator.swift */,
			);
			path = Coordinator;
			sourceTree = "<group>";
		};
		03E3585929731B6D008FFBFA /* ImageCacheManager */ = {
			isa = PBXGroup;
			children = (
				03FFCC09299C0341005F74B8 /* ImageCacheManager.swift */,
			);
			path = ImageCacheManager;
			sourceTree = "<group>";
		};
		03E3585A29731BC9008FFBFA /* Legacy */ = {
			isa = PBXGroup;
			children = (
				03124780295B711B00106F21 /* Endpoint.swift */,
				03E3584129718B75008FFBFA /* EndpointStorage.swift */,
				03124786295B892100106F21 /* HTTPMethod.swift */,
			);
			path = Legacy;
			sourceTree = "<group>";
		};
		03FD02DC295CC9EE00BC72D7 /* Domain */ = {
			isa = PBXGroup;
			children = (
				03FD02E0295D8B6400BC72D7 /* Interface */,
				03FD02DD295CCA3600BC72D7 /* Entity */,
				03FD02E6295D9AE100BC72D7 /* UseCases */,
			);
			path = Domain;
			sourceTree = "<group>";
		};
		03FD02DD295CCA3600BC72D7 /* Entity */ = {
			isa = PBXGroup;
			children = (
				03FD02DE295CCA5000BC72D7 /* Movie.swift */,
				03CC1FDE299E9AEC009E286A /* MovieDetail.swift */,
				03FD033A296C4E8400BC72D7 /* Review.swift */,
			);
			path = Entity;
			sourceTree = "<group>";
		};
		03FD02E0295D8B6400BC72D7 /* Interface */ = {
			isa = PBXGroup;
			children = (
				03FD02E1295D8B9000BC72D7 /* NetworkRepository.swift */,
				03FD032F296B53C200BC72D7 /* CoreDataRepository.swift */,
			);
			path = Interface;
			sourceTree = "<group>";
		};
		03FD02E3295D8DD500BC72D7 /* Repository */ = {
			isa = PBXGroup;
			children = (
				03FD02E4295D8DF600BC72D7 /* MovieRepository.swift */,
				03FD032B296B4FA400BC72D7 /* ReviewRepository.swift */,
			);
			path = Repository;
			sourceTree = "<group>";
		};
		03FD02E6295D9AE100BC72D7 /* UseCases */ = {
			isa = PBXGroup;
			children = (
				03FD02E9295D9C3B00BC72D7 /* Protocol */,
				03FD02E7295D9AFF00BC72D7 /* MovieUseCase.swift */,
				03FD032D296B537300BC72D7 /* ReviewUseCase.swift */,
			);
			path = UseCases;
			sourceTree = "<group>";
		};
		03FD02E9295D9C3B00BC72D7 /* Protocol */ = {
			isa = PBXGroup;
			children = (
				03FD02EA295D9C5400BC72D7 /* MovieUseCaseType.swift */,
				03FD0331296B55DF00BC72D7 /* ReviewUseCaseType.swift */,
			);
			path = Protocol;
			sourceTree = "<group>";
		};
		03FD02EC295D9EEA00BC72D7 /* Coordinator */ = {
			isa = PBXGroup;
			children = (
				03FD02ED295D9F0600BC72D7 /* Coordinator.swift */,
				03FD0340296C6BF200BC72D7 /* AppCoordinator.swift */,
			);
			path = Coordinator;
			sourceTree = "<group>";
		};
		03FD02EF295D9F4F00BC72D7 /* Presentation */ = {
			isa = PBXGroup;
			children = (
				03FD0342296D59CC00BC72D7 /* Common */,
				03FD02F0295DA0DF00BC72D7 /* Home */,
				03806B522976DA1F00235282 /* ReviewDetail */,
				03FFCBE929995BD4005F74B8 /* Modification */,
				03E358472971CCE7008FFBFA /* Search */,
				03806B5C2977D35300235282 /* SearchDetail */,
				03C898572986E4CF008E1F84 /* Record */,
			);
			path = Presentation;
			sourceTree = "<group>";
		};
		03FD02F0295DA0DF00BC72D7 /* Home */ = {
			isa = PBXGroup;
			children = (
				03FD03242964A40700BC72D7 /* Coordinator */,
				03FD02F4295DA10E00BC72D7 /* View */,
				03FD02F3295DA10400BC72D7 /* ViewModel */,
			);
			path = Home;
			sourceTree = "<group>";
		};
		03FD02F3295DA10400BC72D7 /* ViewModel */ = {
			isa = PBXGroup;
			children = (
				03FD02F1295DA0FD00BC72D7 /* HomeViewModel.swift */,
			);
			path = ViewModel;
			sourceTree = "<group>";
		};
		03FD02F4295DA10E00BC72D7 /* View */ = {
			isa = PBXGroup;
			children = (
				03FD02F5295DA11D00BC72D7 /* HomeView.swift */,
				03FD02F7295DA12800BC72D7 /* HomeViewController.swift */,
				03FD0333296C1B2700BC72D7 /* Cell */,
			);
			path = View;
			sourceTree = "<group>";
		};
		03FD02F9295DA24800BC72D7 /* CoreData */ = {
			isa = PBXGroup;
			children = (
				03FD02FA295DA26200BC72D7 /* CoreDataError.swift */,
				03FD02FC295DA35E00BC72D7 /* CoreDataManager.swift */,
				03FD030B295EDEF100BC72D7 /* CoreDataModel */,
			);
			path = CoreData;
			sourceTree = "<group>";
		};
		03FD0303295EDD5100BC72D7 /* Resource */ = {
			isa = PBXGroup;
			children = (
				0397EECD29379E9900D1482E /* Assets.xcassets */,
				0397EECF29379E9900D1482E /* LaunchScreen.storyboard */,
				0397EED229379E9900D1482E /* Info.plist */,
			);
			path = Resource;
			sourceTree = "<group>";
		};
		03FD030B295EDEF100BC72D7 /* CoreDataModel */ = {
			isa = PBXGroup;
			children = (
				03CC1FE429A28DB1009E286A /* ReviewDAO+CoreDataClass.swift */,
				03CC1FE529A28DB1009E286A /* ReviewDAO+CoreDataProperties.swift */,
				03FD0304295EDE4100BC72D7 /* MMIMCoreDataModel.xcdatamodeld */,
			);
			path = CoreDataModel;
			sourceTree = "<group>";
		};
		03FD03242964A40700BC72D7 /* Coordinator */ = {
			isa = PBXGroup;
			children = (
				03FD03252964A41A00BC72D7 /* HomeCoordinator.swift */,
			);
			path = Coordinator;
			sourceTree = "<group>";
		};
		03FD0333296C1B2700BC72D7 /* Cell */ = {
			isa = PBXGroup;
			children = (
				03FD0377296F1F6900BC72D7 /* View */,
				03FD0378296F1F7500BC72D7 /* ViewModel */,
			);
			path = Cell;
			sourceTree = "<group>";
		};
		03FD0342296D59CC00BC72D7 /* Common */ = {
			isa = PBXGroup;
			children = (
				03FFCC0B299C096F005F74B8 /* Protocol */,
				03C89879298FF50F008E1F84 /* View */,
				03FFCBF5299A961A005F74B8 /* ViewModel */,
				03FFCBF3299A821D005F74B8 /* Alert */,
				03FFCBF4299A822C005F74B8 /* CollectionLayout */,
			);
			path = Common;
			sourceTree = "<group>";
		};
		03FD0371296F0AC500BC72D7 /* Util */ = {
			isa = PBXGroup;
			children = (
				03806B6829786A2700235282 /* Formtter */,
				03E3585929731B6D008FFBFA /* ImageCacheManager */,
				03E3583E2971887D008FFBFA /* UserInfo */,
				03FD0374296F0BD300BC72D7 /* Extension */,
			);
			path = Util;
			sourceTree = "<group>";
		};
		03FD0374296F0BD300BC72D7 /* Extension */ = {
			isa = PBXGroup;
			children = (
				03FD0372296F0AD900BC72D7 /* UIColor.swift */,
				03E3583C29707D3C008FFBFA /* UIImage.swift */,
				03FFCC07299C0103005F74B8 /* UIImageView.swift */,
				03C8986D298C394D008E1F84 /* Collection.swift */,
				03C8987D2992CFCA008E1F84 /* CALayer.swift */,
				03C8987F2992D260008E1F84 /* UIFont.swift */,
				03FFCBF6299ABA4B005F74B8 /* Reactive.swift */,
			);
			path = Extension;
			sourceTree = "<group>";
		};
		03FD0377296F1F6900BC72D7 /* View */ = {
			isa = PBXGroup;
			children = (
				03FD0334296C1B5B00BC72D7 /* ReviewCell.swift */,
				03FD036F296F0A6F00BC72D7 /* TicketView.swift */,
			);
			path = View;
			sourceTree = "<group>";
		};
		03FD0378296F1F7500BC72D7 /* ViewModel */ = {
			isa = PBXGroup;
			children = (
				03FD0347296D5B7D00BC72D7 /* ReviewCellViewModel.swift */,
				03FFCBFA299B7A70005F74B8 /* ReviewCellViewModelItem.swift */,
			);
			path = ViewModel;
			sourceTree = "<group>";
		};
		03FFCBE929995BD4005F74B8 /* Modification */ = {
			isa = PBXGroup;
			children = (
				03FFCBEA29995BE8005F74B8 /* Coordinator */,
				03FFCBEB29995BEF005F74B8 /* View */,
				03FFCBEC29995BF5005F74B8 /* ViewModel */,
			);
			path = Modification;
			sourceTree = "<group>";
		};
		03FFCBEA29995BE8005F74B8 /* Coordinator */ = {
			isa = PBXGroup;
			children = (
				03FFCBED29995C16005F74B8 /* ModificationCoordinator.swift */,
			);
			path = Coordinator;
			sourceTree = "<group>";
		};
		03FFCBEB29995BEF005F74B8 /* View */ = {
			isa = PBXGroup;
			children = (
				03FFCBEF29995C24005F74B8 /* ModificationViewController.swift */,
			);
			path = View;
			sourceTree = "<group>";
		};
		03FFCBEC29995BF5005F74B8 /* ViewModel */ = {
			isa = PBXGroup;
			children = (
				03FFCBF129995C2E005F74B8 /* ModificationViewModel.swift */,
			);
			path = ViewModel;
			sourceTree = "<group>";
		};
		03FFCBF3299A821D005F74B8 /* Alert */ = {
			isa = PBXGroup;
			children = (
				03FFCBE52997F998005F74B8 /* AlertBuilder.swift */,
				03FFCBE729990EA9005F74B8 /* AlertActionType.swift */,
			);
			path = Alert;
			sourceTree = "<group>";
		};
		03FFCBF4299A822C005F74B8 /* CollectionLayout */ = {
			isa = PBXGroup;
			children = (
				03FD03272965FADC00BC72D7 /* CarouselLayout.swift */,
			);
			path = CollectionLayout;
			sourceTree = "<group>";
		};
		03FFCBF5299A961A005F74B8 /* ViewModel */ = {
			isa = PBXGroup;
			children = (
				03C89873298EC82A008E1F84 /* EditViewModelItem.swift */,
			);
			path = ViewModel;
			sourceTree = "<group>";
		};
		03FFCC0B299C096F005F74B8 /* Protocol */ = {
			isa = PBXGroup;
			children = (
				03FFCC0C299C0999005F74B8 /* ReuseIdentifierType.swift */,
			);
			path = Protocol;
			sourceTree = "<group>";
		};
		13B7608845F7AF596F46B835 /* Frameworks */ = {
			isa = PBXGroup;
			children = (
				D749669A526FE1399E397142 /* Pods_MyMoviesInMemory.framework */,
			);
			name = Frameworks;
			sourceTree = "<group>";
		};
		46203AC21DA7936E683D4D01 /* Pods */ = {
			isa = PBXGroup;
			children = (
				FA081CEB078E6F1CF7C2F1FA /* Pods-MyMoviesInMemory.debug.xcconfig */,
				FFBC40EF504A889691A1A002 /* Pods-MyMoviesInMemory.release.xcconfig */,
			);
			path = Pods;
			sourceTree = "<group>";
		};
/* End PBXGroup section */

/* Begin PBXNativeTarget section */
		0397EEC029379E9800D1482E /* MyMoviesInMemory */ = {
			isa = PBXNativeTarget;
			buildConfigurationList = 0397EED529379E9900D1482E /* Build configuration list for PBXNativeTarget "MyMoviesInMemory" */;
			buildPhases = (
				1563331EB064EA2FB73CFE61 /* [CP] Check Pods Manifest.lock */,
				0397EEBD29379E9800D1482E /* Sources */,
				0397EEBE29379E9800D1482E /* Frameworks */,
				0397EEBF29379E9800D1482E /* Resources */,
				85B5914E22278247CE89A29B /* [CP] Embed Pods Frameworks */,
			);
			buildRules = (
			);
			dependencies = (
			);
			name = MyMoviesInMemory;
			productName = MyMoviesInMemory;
			productReference = 0397EEC129379E9800D1482E /* MyMoviesInMemory.app */;
			productType = "com.apple.product-type.application";
		};
/* End PBXNativeTarget section */

/* Begin PBXProject section */
		0397EEB929379E9800D1482E /* Project object */ = {
			isa = PBXProject;
			attributes = {
				BuildIndependentTargetsInParallel = 1;
				LastSwiftUpdateCheck = 1320;
				LastUpgradeCheck = 1320;
				TargetAttributes = {
					0397EEC029379E9800D1482E = {
						CreatedOnToolsVersion = 13.2.1;
					};
				};
			};
			buildConfigurationList = 0397EEBC29379E9800D1482E /* Build configuration list for PBXProject "MyMoviesInMemory" */;
			compatibilityVersion = "Xcode 13.0";
			developmentRegion = en;
			hasScannedForEncodings = 0;
			knownRegions = (
				en,
				Base,
			);
			mainGroup = 0397EEB829379E9800D1482E;
			productRefGroup = 0397EEC229379E9800D1482E /* Products */;
			projectDirPath = "";
			projectRoot = "";
			targets = (
				0397EEC029379E9800D1482E /* MyMoviesInMemory */,
			);
		};
/* End PBXProject section */

/* Begin PBXResourcesBuildPhase section */
		0397EEBF29379E9800D1482E /* Resources */ = {
			isa = PBXResourcesBuildPhase;
			buildActionMask = 2147483647;
			files = (
				0397EED129379E9900D1482E /* LaunchScreen.storyboard in Resources */,
				0397EECE29379E9900D1482E /* Assets.xcassets in Resources */,
			);
			runOnlyForDeploymentPostprocessing = 0;
		};
/* End PBXResourcesBuildPhase section */

/* Begin PBXShellScriptBuildPhase section */
		1563331EB064EA2FB73CFE61 /* [CP] Check Pods Manifest.lock */ = {
			isa = PBXShellScriptBuildPhase;
			buildActionMask = 2147483647;
			files = (
			);
			inputFileListPaths = (
			);
			inputPaths = (
				"${PODS_PODFILE_DIR_PATH}/Podfile.lock",
				"${PODS_ROOT}/Manifest.lock",
			);
			name = "[CP] Check Pods Manifest.lock";
			outputFileListPaths = (
			);
			outputPaths = (
				"$(DERIVED_FILE_DIR)/Pods-MyMoviesInMemory-checkManifestLockResult.txt",
			);
			runOnlyForDeploymentPostprocessing = 0;
			shellPath = /bin/sh;
			shellScript = "diff \"${PODS_PODFILE_DIR_PATH}/Podfile.lock\" \"${PODS_ROOT}/Manifest.lock\" > /dev/null\nif [ $? != 0 ] ; then\n    # print error to STDERR\n    echo \"error: The sandbox is not in sync with the Podfile.lock. Run 'pod install' or update your CocoaPods installation.\" >&2\n    exit 1\nfi\n# This output is used by Xcode 'outputs' to avoid re-running this script phase.\necho \"SUCCESS\" > \"${SCRIPT_OUTPUT_FILE_0}\"\n";
			showEnvVarsInLog = 0;
		};
		85B5914E22278247CE89A29B /* [CP] Embed Pods Frameworks */ = {
			isa = PBXShellScriptBuildPhase;
			buildActionMask = 2147483647;
			files = (
			);
			inputFileListPaths = (
				"${PODS_ROOT}/Target Support Files/Pods-MyMoviesInMemory/Pods-MyMoviesInMemory-frameworks-${CONFIGURATION}-input-files.xcfilelist",
			);
			name = "[CP] Embed Pods Frameworks";
			outputFileListPaths = (
				"${PODS_ROOT}/Target Support Files/Pods-MyMoviesInMemory/Pods-MyMoviesInMemory-frameworks-${CONFIGURATION}-output-files.xcfilelist",
			);
			runOnlyForDeploymentPostprocessing = 0;
			shellPath = /bin/sh;
			shellScript = "\"${PODS_ROOT}/Target Support Files/Pods-MyMoviesInMemory/Pods-MyMoviesInMemory-frameworks.sh\"\n";
			showEnvVarsInLog = 0;
		};
/* End PBXShellScriptBuildPhase section */

/* Begin PBXSourcesBuildPhase section */
		0397EEBD29379E9800D1482E /* Sources */ = {
			isa = PBXSourcesBuildPhase;
			buildActionMask = 2147483647;
			files = (
				03C8985E2986E662008E1F84 /* RecordViewModel.swift in Sources */,
				03FD02E2295D8B9000BC72D7 /* NetworkRepository.swift in Sources */,
				03806B632977D3E800235282 /* SearchDetailViewController.swift in Sources */,
				039F5665295208DC00353720 /* MoviesResponse.swift in Sources */,
				03FD032C296B4FA400BC72D7 /* ReviewRepository.swift in Sources */,
				03FD02EE295D9F0600BC72D7 /* Coordinator.swift in Sources */,
				03806B4F29733CA300235282 /* SearchCellViewModel.swift in Sources */,
				03CC1FE329A1238C009E286A /* MovieOfficial.swift in Sources */,
				03FD0341296C6BF200BC72D7 /* AppCoordinator.swift in Sources */,
				03C8986E298C394D008E1F84 /* Collection.swift in Sources */,
				03E3584229718B76008FFBFA /* EndpointStorage.swift in Sources */,
				03FD02F6295DA11D00BC72D7 /* HomeView.swift in Sources */,
				03C8986A298AFEC1008E1F84 /* MovieResult.swift in Sources */,
				03CC1FDF299E9AEC009E286A /* MovieDetail.swift in Sources */,
				03FD033B296C4E8400BC72D7 /* Review.swift in Sources */,
				03FD032E296B537300BC72D7 /* ReviewUseCase.swift in Sources */,
				0397EEC529379E9800D1482E /* AppDelegate.swift in Sources */,
				03FFCBF229995C2E005F74B8 /* ModificationViewModel.swift in Sources */,
				03124787295B892100106F21 /* HTTPMethod.swift in Sources */,
				03C8986C298AFEFA008E1F84 /* GenreID.swift in Sources */,
				03FFCBE62997F998005F74B8 /* AlertBuilder.swift in Sources */,
				03FD0306295EDE4100BC72D7 /* MMIMCoreDataModel.xcdatamodeld in Sources */,
				03CC1FDD299E1415009E286A /* MovieDetailResponse.swift in Sources */,
				03E358522971CD97008FFBFA /* SearchViewModel.swift in Sources */,
				03FFCC0D299C0999005F74B8 /* ReuseIdentifierType.swift in Sources */,
				03FD02FD295DA35E00BC72D7 /* CoreDataManager.swift in Sources */,
				03806B5B2976EF0700235282 /* ReviewDetailViewModel.swift in Sources */,
				03C89866298856EF008E1F84 /* SummaryView.swift in Sources */,
				03C89884299522E6008E1F84 /* ShadowView.swift in Sources */,
				03FD0373296F0AD900BC72D7 /* UIColor.swift in Sources */,
				03FFCC01299BC90D005F74B8 /* SearchCellViewModelItem.swift in Sources */,
				03FD0335296C1B5B00BC72D7 /* ReviewCell.swift in Sources */,
				03C898622987E1A5008E1F84 /* RecordViewController.swift in Sources */,
				03FD02EB295D9C5400BC72D7 /* MovieUseCaseType.swift in Sources */,
				03C8986829898EF1008E1F84 /* EditView.swift in Sources */,
				03CC1FE129A0C52D009E286A /* CreditsResponse.swift in Sources */,
				03124781295B711B00106F21 /* Endpoint.swift in Sources */,
				03FFCBF029995C24005F74B8 /* ModificationViewController.swift in Sources */,
				0397EEC729379E9800D1482E /* SceneDelegate.swift in Sources */,
				03FD0348296D5B7D00BC72D7 /* ReviewCellViewModel.swift in Sources */,
				03FFCC0F299D4FA8005F74B8 /* MMIMNumberFormatter.swift in Sources */,
				03FD0370296F0A6F00BC72D7 /* TicketView.swift in Sources */,
				03124783295B739000106F21 /* NetworkError.swift in Sources */,
				03FD02F2295DA0FD00BC72D7 /* HomeViewModel.swift in Sources */,
				03FD02F8295DA12800BC72D7 /* HomeViewController.swift in Sources */,
				03FFCC03299BCC0F005F74B8 /* SearchDetailViewModelItem.swift in Sources */,
				03FD03262964A41A00BC72D7 /* HomeCoordinator.swift in Sources */,
				03FFCC0A299C0341005F74B8 /* ImageCacheManager.swift in Sources */,
				03FFCBE829990EA9005F74B8 /* AlertActionType.swift in Sources */,
				03FD0330296B53C200BC72D7 /* CoreDataRepository.swift in Sources */,
				03CC1FE629A28DB1009E286A /* ReviewDAO+CoreDataClass.swift in Sources */,
				03806B592976EEF800235282 /* ReviewDetailViewController.swift in Sources */,
				03806B4B29733C3200235282 /* SearchCell.swift in Sources */,
				03C8987E2992CFCA008E1F84 /* CALayer.swift in Sources */,
				03E358502971CD86008FFBFA /* SearchViewController.swift in Sources */,
				03FD02FB295DA26200BC72D7 /* CoreDataError.swift in Sources */,
				03C8987C299020D7008E1F84 /* ReviewDetailView.swift in Sources */,
				03FD02E8295D9AFF00BC72D7 /* MovieUseCase.swift in Sources */,
				03C89876298FABD3008E1F84 /* MMIMDateFormatter.swift in Sources */,
				03FFCBEE29995C16005F74B8 /* ModificationCoordinator.swift in Sources */,
				03806B6C297EC73C00235282 /* SearchDetailView.swift in Sources */,
				03C898802992D260008E1F84 /* UIFont.swift in Sources */,
				03E3584C2971CD30008FFBFA /* SearchCoordinator.swift in Sources */,
				03CC1FE729A28DB1009E286A /* ReviewDAO+CoreDataProperties.swift in Sources */,
				03FD02DF295CCA5000BC72D7 /* Movie.swift in Sources */,
				03806B612977D3A000235282 /* SearchDetailCoordinator.swift in Sources */,
				03FFCBFD299B8363005F74B8 /* ReviewDetailViewModelItem.swift in Sources */,
				03FD0332296B55DF00BC72D7 /* ReviewUseCaseType.swift in Sources */,
				03FD03282965FADC00BC72D7 /* CarouselLayout.swift in Sources */,
				03FFCBF7299ABA4B005F74B8 /* Reactive.swift in Sources */,
				03FFCBFB299B7A70005F74B8 /* ReviewCellViewModelItem.swift in Sources */,
				03E358402971889A008FFBFA /* UserInfo.swift in Sources */,
				03806B572976EECC00235282 /* ReviewDetailCoordinator.swift in Sources */,
				03806B652977D43E00235282 /* SearchDetailViewModel.swift in Sources */,
				03C89874298EC82A008E1F84 /* EditViewModelItem.swift in Sources */,
				03E3583D29707D3C008FFBFA /* UIImage.swift in Sources */,
				03FFCC08299C0103005F74B8 /* UIImageView.swift in Sources */,
				03FD02E5295D8DF600BC72D7 /* MovieRepository.swift in Sources */,
				03C8986429881C62008E1F84 /* StarRatingView.swift in Sources */,
				03124785295B74DC00106F21 /* NetworkProvider.swift in Sources */,
				03C8985C2986E552008E1F84 /* RecordCoordinator.swift in Sources */,
			);
			runOnlyForDeploymentPostprocessing = 0;
		};
/* End PBXSourcesBuildPhase section */

/* Begin PBXVariantGroup section */
		0397EECF29379E9900D1482E /* LaunchScreen.storyboard */ = {
			isa = PBXVariantGroup;
			children = (
				0397EED029379E9900D1482E /* Base */,
			);
			name = LaunchScreen.storyboard;
			sourceTree = "<group>";
		};
/* End PBXVariantGroup section */

/* Begin XCBuildConfiguration section */
		0397EED329379E9900D1482E /* Debug */ = {
			isa = XCBuildConfiguration;
			buildSettings = {
				ALWAYS_SEARCH_USER_PATHS = NO;
				CLANG_ANALYZER_NONNULL = YES;
				CLANG_ANALYZER_NUMBER_OBJECT_CONVERSION = YES_AGGRESSIVE;
				CLANG_CXX_LANGUAGE_STANDARD = "gnu++17";
				CLANG_CXX_LIBRARY = "libc++";
				CLANG_ENABLE_MODULES = YES;
				CLANG_ENABLE_OBJC_ARC = YES;
				CLANG_ENABLE_OBJC_WEAK = YES;
				CLANG_WARN_BLOCK_CAPTURE_AUTORELEASING = YES;
				CLANG_WARN_BOOL_CONVERSION = YES;
				CLANG_WARN_COMMA = YES;
				CLANG_WARN_CONSTANT_CONVERSION = YES;
				CLANG_WARN_DEPRECATED_OBJC_IMPLEMENTATIONS = YES;
				CLANG_WARN_DIRECT_OBJC_ISA_USAGE = YES_ERROR;
				CLANG_WARN_DOCUMENTATION_COMMENTS = YES;
				CLANG_WARN_EMPTY_BODY = YES;
				CLANG_WARN_ENUM_CONVERSION = YES;
				CLANG_WARN_INFINITE_RECURSION = YES;
				CLANG_WARN_INT_CONVERSION = YES;
				CLANG_WARN_NON_LITERAL_NULL_CONVERSION = YES;
				CLANG_WARN_OBJC_IMPLICIT_RETAIN_SELF = YES;
				CLANG_WARN_OBJC_LITERAL_CONVERSION = YES;
				CLANG_WARN_OBJC_ROOT_CLASS = YES_ERROR;
				CLANG_WARN_QUOTED_INCLUDE_IN_FRAMEWORK_HEADER = YES;
				CLANG_WARN_RANGE_LOOP_ANALYSIS = YES;
				CLANG_WARN_STRICT_PROTOTYPES = YES;
				CLANG_WARN_SUSPICIOUS_MOVE = YES;
				CLANG_WARN_UNGUARDED_AVAILABILITY = YES_AGGRESSIVE;
				CLANG_WARN_UNREACHABLE_CODE = YES;
				CLANG_WARN__DUPLICATE_METHOD_MATCH = YES;
				COPY_PHASE_STRIP = NO;
				DEBUG_INFORMATION_FORMAT = dwarf;
				ENABLE_STRICT_OBJC_MSGSEND = YES;
				ENABLE_TESTABILITY = YES;
				GCC_C_LANGUAGE_STANDARD = gnu11;
				GCC_DYNAMIC_NO_PIC = NO;
				GCC_NO_COMMON_BLOCKS = YES;
				GCC_OPTIMIZATION_LEVEL = 0;
				GCC_PREPROCESSOR_DEFINITIONS = (
					"DEBUG=1",
					"$(inherited)",
				);
				GCC_WARN_64_TO_32_BIT_CONVERSION = YES;
				GCC_WARN_ABOUT_RETURN_TYPE = YES_ERROR;
				GCC_WARN_UNDECLARED_SELECTOR = YES;
				GCC_WARN_UNINITIALIZED_AUTOS = YES_AGGRESSIVE;
				GCC_WARN_UNUSED_FUNCTION = YES;
				GCC_WARN_UNUSED_VARIABLE = YES;
				IPHONEOS_DEPLOYMENT_TARGET = 15.2;
				MTL_ENABLE_DEBUG_INFO = INCLUDE_SOURCE;
				MTL_FAST_MATH = YES;
				ONLY_ACTIVE_ARCH = YES;
				SDKROOT = iphoneos;
				SWIFT_ACTIVE_COMPILATION_CONDITIONS = DEBUG;
				SWIFT_OPTIMIZATION_LEVEL = "-Onone";
			};
			name = Debug;
		};
		0397EED429379E9900D1482E /* Release */ = {
			isa = XCBuildConfiguration;
			buildSettings = {
				ALWAYS_SEARCH_USER_PATHS = NO;
				CLANG_ANALYZER_NONNULL = YES;
				CLANG_ANALYZER_NUMBER_OBJECT_CONVERSION = YES_AGGRESSIVE;
				CLANG_CXX_LANGUAGE_STANDARD = "gnu++17";
				CLANG_CXX_LIBRARY = "libc++";
				CLANG_ENABLE_MODULES = YES;
				CLANG_ENABLE_OBJC_ARC = YES;
				CLANG_ENABLE_OBJC_WEAK = YES;
				CLANG_WARN_BLOCK_CAPTURE_AUTORELEASING = YES;
				CLANG_WARN_BOOL_CONVERSION = YES;
				CLANG_WARN_COMMA = YES;
				CLANG_WARN_CONSTANT_CONVERSION = YES;
				CLANG_WARN_DEPRECATED_OBJC_IMPLEMENTATIONS = YES;
				CLANG_WARN_DIRECT_OBJC_ISA_USAGE = YES_ERROR;
				CLANG_WARN_DOCUMENTATION_COMMENTS = YES;
				CLANG_WARN_EMPTY_BODY = YES;
				CLANG_WARN_ENUM_CONVERSION = YES;
				CLANG_WARN_INFINITE_RECURSION = YES;
				CLANG_WARN_INT_CONVERSION = YES;
				CLANG_WARN_NON_LITERAL_NULL_CONVERSION = YES;
				CLANG_WARN_OBJC_IMPLICIT_RETAIN_SELF = YES;
				CLANG_WARN_OBJC_LITERAL_CONVERSION = YES;
				CLANG_WARN_OBJC_ROOT_CLASS = YES_ERROR;
				CLANG_WARN_QUOTED_INCLUDE_IN_FRAMEWORK_HEADER = YES;
				CLANG_WARN_RANGE_LOOP_ANALYSIS = YES;
				CLANG_WARN_STRICT_PROTOTYPES = YES;
				CLANG_WARN_SUSPICIOUS_MOVE = YES;
				CLANG_WARN_UNGUARDED_AVAILABILITY = YES_AGGRESSIVE;
				CLANG_WARN_UNREACHABLE_CODE = YES;
				CLANG_WARN__DUPLICATE_METHOD_MATCH = YES;
				COPY_PHASE_STRIP = NO;
				DEBUG_INFORMATION_FORMAT = "dwarf-with-dsym";
				ENABLE_NS_ASSERTIONS = NO;
				ENABLE_STRICT_OBJC_MSGSEND = YES;
				GCC_C_LANGUAGE_STANDARD = gnu11;
				GCC_NO_COMMON_BLOCKS = YES;
				GCC_WARN_64_TO_32_BIT_CONVERSION = YES;
				GCC_WARN_ABOUT_RETURN_TYPE = YES_ERROR;
				GCC_WARN_UNDECLARED_SELECTOR = YES;
				GCC_WARN_UNINITIALIZED_AUTOS = YES_AGGRESSIVE;
				GCC_WARN_UNUSED_FUNCTION = YES;
				GCC_WARN_UNUSED_VARIABLE = YES;
				IPHONEOS_DEPLOYMENT_TARGET = 15.2;
				MTL_ENABLE_DEBUG_INFO = NO;
				MTL_FAST_MATH = YES;
				SDKROOT = iphoneos;
				SWIFT_COMPILATION_MODE = wholemodule;
				SWIFT_OPTIMIZATION_LEVEL = "-O";
				VALIDATE_PRODUCT = YES;
			};
			name = Release;
		};
		0397EED629379E9900D1482E /* Debug */ = {
			isa = XCBuildConfiguration;
			baseConfigurationReference = FA081CEB078E6F1CF7C2F1FA /* Pods-MyMoviesInMemory.debug.xcconfig */;
			buildSettings = {
				ASSETCATALOG_COMPILER_APPICON_NAME = AppIcon;
				ASSETCATALOG_COMPILER_GLOBAL_ACCENT_COLOR_NAME = AccentColor;
				CODE_SIGN_STYLE = Automatic;
				CURRENT_PROJECT_VERSION = 1;
				DEVELOPMENT_TEAM = H7XUJ59Z6C;
				GENERATE_INFOPLIST_FILE = YES;
				INFOPLIST_FILE = MyMoviesInMemory/Resource/Info.plist;
				INFOPLIST_KEY_UIApplicationSupportsIndirectInputEvents = YES;
				INFOPLIST_KEY_UILaunchStoryboardName = LaunchScreen;
				INFOPLIST_KEY_UISupportedInterfaceOrientations_iPad = "UIInterfaceOrientationPortrait UIInterfaceOrientationPortraitUpsideDown UIInterfaceOrientationLandscapeLeft UIInterfaceOrientationLandscapeRight";
				INFOPLIST_KEY_UISupportedInterfaceOrientations_iPhone = "UIInterfaceOrientationPortrait UIInterfaceOrientationLandscapeLeft UIInterfaceOrientationLandscapeRight";
				IPHONEOS_DEPLOYMENT_TARGET = 14.0;
				LD_RUNPATH_SEARCH_PATHS = (
					"$(inherited)",
					"@executable_path/Frameworks",
				);
				MARKETING_VERSION = 1.0;
				PRODUCT_BUNDLE_IDENTIFIER = com.MMIM.MyMoviesInMemory;
				PRODUCT_NAME = "$(TARGET_NAME)";
				SWIFT_EMIT_LOC_STRINGS = YES;
				SWIFT_VERSION = 5.0;
				TARGETED_DEVICE_FAMILY = "1,2";
			};
			name = Debug;
		};
		0397EED729379E9900D1482E /* Release */ = {
			isa = XCBuildConfiguration;
			baseConfigurationReference = FFBC40EF504A889691A1A002 /* Pods-MyMoviesInMemory.release.xcconfig */;
			buildSettings = {
				ASSETCATALOG_COMPILER_APPICON_NAME = AppIcon;
				ASSETCATALOG_COMPILER_GLOBAL_ACCENT_COLOR_NAME = AccentColor;
				CODE_SIGN_STYLE = Automatic;
				CURRENT_PROJECT_VERSION = 1;
				DEVELOPMENT_TEAM = H7XUJ59Z6C;
				GENERATE_INFOPLIST_FILE = YES;
				INFOPLIST_FILE = MyMoviesInMemory/Resource/Info.plist;
				INFOPLIST_KEY_UIApplicationSupportsIndirectInputEvents = YES;
				INFOPLIST_KEY_UILaunchStoryboardName = LaunchScreen;
				INFOPLIST_KEY_UISupportedInterfaceOrientations_iPad = "UIInterfaceOrientationPortrait UIInterfaceOrientationPortraitUpsideDown UIInterfaceOrientationLandscapeLeft UIInterfaceOrientationLandscapeRight";
				INFOPLIST_KEY_UISupportedInterfaceOrientations_iPhone = "UIInterfaceOrientationPortrait UIInterfaceOrientationLandscapeLeft UIInterfaceOrientationLandscapeRight";
				IPHONEOS_DEPLOYMENT_TARGET = 14.0;
				LD_RUNPATH_SEARCH_PATHS = (
					"$(inherited)",
					"@executable_path/Frameworks",
				);
				MARKETING_VERSION = 1.0;
				PRODUCT_BUNDLE_IDENTIFIER = com.MMIM.MyMoviesInMemory;
				PRODUCT_NAME = "$(TARGET_NAME)";
				SWIFT_EMIT_LOC_STRINGS = YES;
				SWIFT_VERSION = 5.0;
				TARGETED_DEVICE_FAMILY = "1,2";
			};
			name = Release;
		};
/* End XCBuildConfiguration section */

/* Begin XCConfigurationList section */
		0397EEBC29379E9800D1482E /* Build configuration list for PBXProject "MyMoviesInMemory" */ = {
			isa = XCConfigurationList;
			buildConfigurations = (
				0397EED329379E9900D1482E /* Debug */,
				0397EED429379E9900D1482E /* Release */,
			);
			defaultConfigurationIsVisible = 0;
			defaultConfigurationName = Release;
		};
		0397EED529379E9900D1482E /* Build configuration list for PBXNativeTarget "MyMoviesInMemory" */ = {
			isa = XCConfigurationList;
			buildConfigurations = (
				0397EED629379E9900D1482E /* Debug */,
				0397EED729379E9900D1482E /* Release */,
			);
			defaultConfigurationIsVisible = 0;
			defaultConfigurationName = Release;
		};
/* End XCConfigurationList section */

/* Begin XCVersionGroup section */
		03FD0304295EDE4100BC72D7 /* MMIMCoreDataModel.xcdatamodeld */ = {
			isa = XCVersionGroup;
			children = (
				03FD0305295EDE4100BC72D7 /* MMIMCoreDataModel.xcdatamodel */,
			);
			currentVersion = 03FD0305295EDE4100BC72D7 /* MMIMCoreDataModel.xcdatamodel */;
			path = MMIMCoreDataModel.xcdatamodeld;
			sourceTree = "<group>";
			versionGroupType = wrapper.xcdatamodel;
		};
/* End XCVersionGroup section */
	};
	rootObject = 0397EEB929379E9800D1482E /* Project object */;
}
